
Microsoft Visual Studio Solution File, Format Version 12.00
# Visual Studio Version 16
VisualStudioVersion = 16.0.29806.167
MinimumVisualStudioVersion = 10.0.40219.1
Project("{8BC9CEB8-8B4A-11D0-8D11-00A0C91BC942}") = "lab4", "lab4.vcxproj", "{AD4E6C94-4A0A-41D4-AB0C-7C7E8E11A8F7}"
EndProject
Global
	GlobalSection(SolutionConfigurationPlatforms) = preSolution
		Debug|x64 = Debug|x64
		Debug|x86 = Debug|x86
		Release|x64 = Release|x64
		Release|x86 = Release|x86
	EndGlobalSection
	GlobalSection(ProjectConfigurationPlatforms) = postSolution
		{AD4E6C94-4A0A-41D4-AB0C-7C7E8E11A8F7}.Debug|x64.ActiveCfg = Debug|x64
		{AD4E6C94-4A0A-41D4-AB0C-7C7E8E11A8F7}.Debug|x64.Build.0 = Debug|x64
		{AD4E6C94-4A0A-41D4-AB0C-7C7E8E11A8F7}.Debug|x86.ActiveCfg = Debug|Win32
		{AD4E6C94-4A0A-41D4-AB0C-7C7E8E11A8F7}.Debug|x86.Build.0 = Debug|Win32
		{AD4E6C94-4A0A-41D4-AB0C-7C7E8E11A8F7}.Release|x64.ActiveCfg = Release|x64
		{AD4E6C94-4A0A-41D4-AB0C-7C7E8E11A8F7}.Release|x64.Build.0 = Release|x64
		{AD4E6C94-4A0A-41D4-AB0C-7C7E8E11A8F7}.Release|x86.ActiveCfg = Release|Win32
		{AD4E6C94-4A0A-41D4-AB0C-7C7E8E11A8F7}.Release|x86.Build.0 = Release|Win32
	EndGlobalSection
	GlobalSection(SolutionProperties) = preSolution
		HideSolutionNode = FALSE
	EndGlobalSection
	GlobalSection(ExtensibilityGlobals) = postSolution
		SolutionGuid = {87C59C15-D41E-489D-BEB1-E83A072DB1FC}
	EndGlobalSection
EndGlobal
